
Microsoft Visual Studio Solution File, Format Version 12.00
# Visual Studio Version 16
VisualStudioVersion = 16.0.30413.136
MinimumVisualStudioVersion = 10.0.40219.1
Project("{9A19103F-16F7-4668-BE54-9A1E7A4F7556}") = "RecipeBinder", "RecipeBinder\RecipeBinder.csproj", "{1F482D65-63B6-407E-9C03-38F98C218F78}"
EndProject
Global
	GlobalSection(SolutionConfigurationPlatforms) = preSolution
		Debug|Any CPU = Debug|Any CPU
		Release|Any CPU = Release|Any CPU
	EndGlobalSection
	GlobalSection(ProjectConfigurationPlatforms) = postSolution
		{1F482D65-63B6-407E-9C03-38F98C218F78}.Debug|Any CPU.ActiveCfg = Debug|Any CPU
		{1F482D65-63B6-407E-9C03-38F98C218F78}.Debug|Any CPU.Build.0 = Debug|Any CPU
		{1F482D65-63B6-407E-9C03-38F98C218F78}.Release|Any CPU.ActiveCfg = Release|Any CPU
		{1F482D65-63B6-407E-9C03-38F98C218F78}.Release|Any CPU.Build.0 = Release|Any CPU
	EndGlobalSection
	GlobalSection(SolutionProperties) = preSolution
		HideSolutionNode = FALSE
	EndGlobalSection
	GlobalSection(ExtensibilityGlobals) = postSolution
		SolutionGuid = {A5B0DF76-2DC3-4CFA-9492-AE54E8B2340F}
	EndGlobalSection
EndGlobal
